
Microsoft Visual Studio Solution File, Format Version 12.00
# Visual Studio Version 16
VisualStudioVersion = 16.0.29806.167
MinimumVisualStudioVersion = 10.0.40219.1
Project("{FAE04EC0-301F-11D3-BF4B-00C04F79EFBC}") = "LibraryBorrowSystem", "LibraryBorrowSystem\LibraryBorrowSystem.csproj", "{A6777F48-4E72-42A7-9612-AF9532BBB08B}"
EndProject
Project("{FAE04EC0-301F-11D3-BF4B-00C04F79EFBC}") = "EmailSender", "EmailSender\EmailSender.csproj", "{E1639C7E-E6C1-4A9E-A15F-8A866BDC2F06}"
EndProject
Global
	GlobalSection(SolutionConfigurationPlatforms) = preSolution
		Debug|Any CPU = Debug|Any CPU
		Release|Any CPU = Release|Any CPU
	EndGlobalSection
	GlobalSection(ProjectConfigurationPlatforms) = postSolution
		{A6777F48-4E72-42A7-9612-AF9532BBB08B}.Debug|Any CPU.ActiveCfg = Debug|Any CPU
		{A6777F48-4E72-42A7-9612-AF9532BBB08B}.Debug|Any CPU.Build.0 = Debug|Any CPU
		{A6777F48-4E72-42A7-9612-AF9532BBB08B}.Release|Any CPU.ActiveCfg = Release|Any CPU
		{A6777F48-4E72-42A7-9612-AF9532BBB08B}.Release|Any CPU.Build.0 = Release|Any CPU
		{E1639C7E-E6C1-4A9E-A15F-8A866BDC2F06}.Debug|Any CPU.ActiveCfg = Debug|Any CPU
		{E1639C7E-E6C1-4A9E-A15F-8A866BDC2F06}.Debug|Any CPU.Build.0 = Debug|Any CPU
		{E1639C7E-E6C1-4A9E-A15F-8A866BDC2F06}.Release|Any CPU.ActiveCfg = Release|Any CPU
		{E1639C7E-E6C1-4A9E-A15F-8A866BDC2F06}.Release|Any CPU.Build.0 = Release|Any CPU
	EndGlobalSection
	GlobalSection(SolutionProperties) = preSolution
		HideSolutionNode = FALSE
	EndGlobalSection
	GlobalSection(ExtensibilityGlobals) = postSolution
		SolutionGuid = {46D4C31A-7C85-45BD-93B5-44FF5B6AA139}
	EndGlobalSection
EndGlobal
